
Microsoft Visual Studio Solution File, Format Version 12.00
# Visual Studio Version 17
VisualStudioVersion = 17.5.33516.290
MinimumVisualStudioVersion = 10.0.40219.1
Project("{FAE04EC0-301F-11D3-BF4B-00C04F79EFBC}") = "efcore", "efcore\efcore.csproj", "{BDDC5C3E-BA53-424F-8901-BA56515BD391}"
EndProject
Global
	GlobalSection(SolutionConfigurationPlatforms) = preSolution
		Debug|Any CPU = Debug|Any CPU
		Release|Any CPU = Release|Any CPU
	EndGlobalSection
	GlobalSection(ProjectConfigurationPlatforms) = postSolution
		{BDDC5C3E-BA53-424F-8901-BA56515BD391}.Debug|Any CPU.ActiveCfg = Debug|Any CPU
		{BDDC5C3E-BA53-424F-8901-BA56515BD391}.Debug|Any CPU.Build.0 = Debug|Any CPU
		{BDDC5C3E-BA53-424F-8901-BA56515BD391}.Release|Any CPU.ActiveCfg = Release|Any CPU
		{BDDC5C3E-BA53-424F-8901-BA56515BD391}.Release|Any CPU.Build.0 = Release|Any CPU
	EndGlobalSection
	GlobalSection(SolutionProperties) = preSolution
		HideSolutionNode = FALSE
	EndGlobalSection
	GlobalSection(ExtensibilityGlobals) = postSolution
		SolutionGuid = {D4641671-B4A5-45F4-AFD6-94293AA386B3}
	EndGlobalSection
EndGlobal
